// !$*UTF8*$!
{
	archiveVersion = 1;
	classes = {
	};
	objectVersion = 50;
	objects = {

/* Begin PBXBuildFile section */
		041E9931252C652500D338B8 /* TermTableViewCell.swift in Sources */ = {isa = PBXBuildFile; fileRef = 041E9930252C652500D338B8 /* TermTableViewCell.swift */; };
		042525EA252F5174004B4F9B /* DetailDepositTermsTableViewCell.swift in Sources */ = {isa = PBXBuildFile; fileRef = 042525E9252F5174004B4F9B /* DetailDepositTermsTableViewCell.swift */; };
		044ED410252EFE8D004DF05F /* DetailDepositViewController.swift in Sources */ = {isa = PBXBuildFile; fileRef = 044ED40F252EFE8D004DF05F /* DetailDepositViewController.swift */; };
		0474B60D252879F2005613D9 /* DepositTableViewCell.swift in Sources */ = {isa = PBXBuildFile; fileRef = 0474B60C252879F2005613D9 /* DepositTableViewCell.swift */; };
		0474B60F2528889D005613D9 /* NewDepositController.swift in Sources */ = {isa = PBXBuildFile; fileRef = 0474B60E2528889D005613D9 /* NewDepositController.swift */; };
		04F79156252713E900829DF5 /* AppDelegate.swift in Sources */ = {isa = PBXBuildFile; fileRef = 04F79155252713E900829DF5 /* AppDelegate.swift */; };
		04F79158252713E900829DF5 /* SceneDelegate.swift in Sources */ = {isa = PBXBuildFile; fileRef = 04F79157252713E900829DF5 /* SceneDelegate.swift */; };
		04F7915A252713E900829DF5 /* ViewController.swift in Sources */ = {isa = PBXBuildFile; fileRef = 04F79159252713E900829DF5 /* ViewController.swift */; };
		04F7915D252713E900829DF5 /* Main.storyboard in Resources */ = {isa = PBXBuildFile; fileRef = 04F7915B252713E900829DF5 /* Main.storyboard */; };
		04F79160252713E900829DF5 /* Financial_calculator.xcdatamodeld in Sources */ = {isa = PBXBuildFile; fileRef = 04F7915E252713E900829DF5 /* Financial_calculator.xcdatamodeld */; };
		04F79162252713EA00829DF5 /* Assets.xcassets in Resources */ = {isa = PBXBuildFile; fileRef = 04F79161252713EA00829DF5 /* Assets.xcassets */; };
		04F79165252713EA00829DF5 /* LaunchScreen.storyboard in Resources */ = {isa = PBXBuildFile; fileRef = 04F79163252713EA00829DF5 /* LaunchScreen.storyboard */; };
/* End PBXBuildFile section */

/* Begin PBXFileReference section */
		041E9930252C652500D338B8 /* TermTableViewCell.swift */ = {isa = PBXFileReference; lastKnownFileType = sourcecode.swift; path = TermTableViewCell.swift; sourceTree = "<group>"; };
		042525E9252F5174004B4F9B /* DetailDepositTermsTableViewCell.swift */ = {isa = PBXFileReference; lastKnownFileType = sourcecode.swift; path = DetailDepositTermsTableViewCell.swift; sourceTree = "<group>"; };
		044ED40F252EFE8D004DF05F /* DetailDepositViewController.swift */ = {isa = PBXFileReference; lastKnownFileType = sourcecode.swift; path = DetailDepositViewController.swift; sourceTree = "<group>"; };
		0474B60C252879F2005613D9 /* DepositTableViewCell.swift */ = {isa = PBXFileReference; lastKnownFileType = sourcecode.swift; path = DepositTableViewCell.swift; sourceTree = "<group>"; };
		0474B60E2528889D005613D9 /* NewDepositController.swift */ = {isa = PBXFileReference; lastKnownFileType = sourcecode.swift; path = NewDepositController.swift; sourceTree = "<group>"; };
		04F79152252713E900829DF5 /* Financial calculator.app */ = {isa = PBXFileReference; explicitFileType = wrapper.application; includeInIndex = 0; path = "Financial calculator.app"; sourceTree = BUILT_PRODUCTS_DIR; };
		04F79155252713E900829DF5 /* AppDelegate.swift */ = {isa = PBXFileReference; lastKnownFileType = sourcecode.swift; path = AppDelegate.swift; sourceTree = "<group>"; };
		04F79157252713E900829DF5 /* SceneDelegate.swift */ = {isa = PBXFileReference; lastKnownFileType = sourcecode.swift; path = SceneDelegate.swift; sourceTree = "<group>"; };
		04F79159252713E900829DF5 /* ViewController.swift */ = {isa = PBXFileReference; lastKnownFileType = sourcecode.swift; path = ViewController.swift; sourceTree = "<group>"; };
		04F7915C252713E900829DF5 /* Base */ = {isa = PBXFileReference; lastKnownFileType = file.storyboard; name = Base; path = Base.lproj/Main.storyboard; sourceTree = "<group>"; };
		04F7915F252713E900829DF5 /* Financial_calculator.xcdatamodel */ = {isa = PBXFileReference; lastKnownFileType = wrapper.xcdatamodel; path = Financial_calculator.xcdatamodel; sourceTree = "<group>"; };
		04F79161252713EA00829DF5 /* Assets.xcassets */ = {isa = PBXFileReference; lastKnownFileType = folder.assetcatalog; path = Assets.xcassets; sourceTree = "<group>"; };
		04F79164252713EA00829DF5 /* Base */ = {isa = PBXFileReference; lastKnownFileType = file.storyboard; name = Base; path = Base.lproj/LaunchScreen.storyboard; sourceTree = "<group>"; };
		04F79166252713EA00829DF5 /* Info.plist */ = {isa = PBXFileReference; lastKnownFileType = text.plist.xml; path = Info.plist; sourceTree = "<group>"; };
		04F7916C252713FC00829DF5 /* Financial calculator.entitlements */ = {isa = PBXFileReference; lastKnownFileType = text.plist.entitlements; path = "Financial calculator.entitlements"; sourceTree = "<group>"; };
/* End PBXFileReference section */

/* Begin PBXFrameworksBuildPhase section */
		04F7914F252713E900829DF5 /* Frameworks */ = {
			isa = PBXFrameworksBuildPhase;
			buildActionMask = 2147483647;
			files = (
			);
			runOnlyForDeploymentPostprocessing = 0;
		};
/* End PBXFrameworksBuildPhase section */

/* Begin PBXGroup section */
		04F79149252713E900829DF5 = {
			isa = PBXGroup;
			children = (
				04F79154252713E900829DF5 /* Financial calculator */,
				04F79153252713E900829DF5 /* Products */,
			);
			sourceTree = "<group>";
		};
		04F79153252713E900829DF5 /* Products */ = {
			isa = PBXGroup;
			children = (
				04F79152252713E900829DF5 /* Financial calculator.app */,
			);
			name = Products;
			sourceTree = "<group>";
		};
		04F79154252713E900829DF5 /* Financial calculator */ = {
			isa = PBXGroup;
			children = (
				04F7916C252713FC00829DF5 /* Financial calculator.entitlements */,
				04F79155252713E900829DF5 /* AppDelegate.swift */,
				04F79157252713E900829DF5 /* SceneDelegate.swift */,
				04F79159252713E900829DF5 /* ViewController.swift */,
				0474B60C252879F2005613D9 /* DepositTableViewCell.swift */,
				044ED40F252EFE8D004DF05F /* DetailDepositViewController.swift */,
				042525E9252F5174004B4F9B /* DetailDepositTermsTableViewCell.swift */,
				0474B60E2528889D005613D9 /* NewDepositController.swift */,
				041E9930252C652500D338B8 /* TermTableViewCell.swift */,
				04F7915B252713E900829DF5 /* Main.storyboard */,
				04F79161252713EA00829DF5 /* Assets.xcassets */,
				04F79163252713EA00829DF5 /* LaunchScreen.storyboard */,
				04F79166252713EA00829DF5 /* Info.plist */,
				04F7915E252713E900829DF5 /* Financial_calculator.xcdatamodeld */,
			);
			path = "Financial calculator";
			sourceTree = "<group>";
		};
/* End PBXGroup section */

/* Begin PBXNativeTarget section */
		04F79151252713E900829DF5 /* Financial calculator */ = {
			isa = PBXNativeTarget;
			buildConfigurationList = 04F79169252713EA00829DF5 /* Build configuration list for PBXNativeTarget "Financial calculator" */;
			buildPhases = (
				04F7914E252713E900829DF5 /* Sources */,
				04F7914F252713E900829DF5 /* Frameworks */,
				04F79150252713E900829DF5 /* Resources */,
			);
			buildRules = (
			);
			dependencies = (
			);
			name = "Financial calculator";
			productName = "Financial calculator";
			productReference = 04F79152252713E900829DF5 /* Financial calculator.app */;
			productType = "com.apple.product-type.application";
		};
/* End PBXNativeTarget section */

/* Begin PBXProject section */
		04F7914A252713E900829DF5 /* Project object */ = {
			isa = PBXProject;
			attributes = {
				LastSwiftUpdateCheck = 1170;
				LastUpgradeCheck = 1170;
				ORGANIZATIONNAME = "Павло Тимощук";
				TargetAttributes = {
					04F79151252713E900829DF5 = {
						CreatedOnToolsVersion = 11.7;
					};
				};
			};
			buildConfigurationList = 04F7914D252713E900829DF5 /* Build configuration list for PBXProject "Financial calculator" */;
			compatibilityVersion = "Xcode 9.3";
			developmentRegion = en;
			hasScannedForEncodings = 0;
			knownRegions = (
				en,
				Base,
			);
			mainGroup = 04F79149252713E900829DF5;
			productRefGroup = 04F79153252713E900829DF5 /* Products */;
			projectDirPath = "";
			projectRoot = "";
			targets = (
				04F79151252713E900829DF5 /* Financial calculator */,
			);
		};
/* End PBXProject section */

/* Begin PBXResourcesBuildPhase section */
		04F79150252713E900829DF5 /* Resources */ = {
			isa = PBXResourcesBuildPhase;
			buildActionMask = 2147483647;
			files = (
				04F79165252713EA00829DF5 /* LaunchScreen.storyboard in Resources */,
				04F79162252713EA00829DF5 /* Assets.xcassets in Resources */,
				04F7915D252713E900829DF5 /* Main.storyboard in Resources */,
			);
			runOnlyForDeploymentPostprocessing = 0;
		};
/* End PBXResourcesBuildPhase section */

/* Begin PBXSourcesBuildPhase section */
		04F7914E252713E900829DF5 /* Sources */ = {
			isa = PBXSourcesBuildPhase;
			buildActionMask = 2147483647;
			files = (
				0474B60D252879F2005613D9 /* DepositTableViewCell.swift in Sources */,
				0474B60F2528889D005613D9 /* NewDepositController.swift in Sources */,
				044ED410252EFE8D004DF05F /* DetailDepositViewController.swift in Sources */,
				04F7915A252713E900829DF5 /* ViewController.swift in Sources */,
				04F79160252713E900829DF5 /* Financial_calculator.xcdatamodeld in Sources */,
				04F79156252713E900829DF5 /* AppDelegate.swift in Sources */,
				04F79158252713E900829DF5 /* SceneDelegate.swift in Sources */,
				041E9931252C652500D338B8 /* TermTableViewCell.swift in Sources */,
				042525EA252F5174004B4F9B /* DetailDepositTermsTableViewCell.swift in Sources */,
			);
			runOnlyForDeploymentPostprocessing = 0;
		};
/* End PBXSourcesBuildPhase section */

/* Begin PBXVariantGroup section */
		04F7915B252713E900829DF5 /* Main.storyboard */ = {
			isa = PBXVariantGroup;
			children = (
				04F7915C252713E900829DF5 /* Base */,
			);
			name = Main.storyboard;
			sourceTree = "<group>";
		};
		04F79163252713EA00829DF5 /* LaunchScreen.storyboard */ = {
			isa = PBXVariantGroup;
			children = (
				04F79164252713EA00829DF5 /* Base */,
			);
			name = LaunchScreen.storyboard;
			sourceTree = "<group>";
		};
/* End PBXVariantGroup section */

/* Begin XCBuildConfiguration section */
		04F79167252713EA00829DF5 /* Debug */ = {
			isa = XCBuildConfiguration;
			buildSettings = {
				ALWAYS_SEARCH_USER_PATHS = NO;
				CLANG_ANALYZER_NONNULL = YES;
				CLANG_ANALYZER_NUMBER_OBJECT_CONVERSION = YES_AGGRESSIVE;
				CLANG_CXX_LANGUAGE_STANDARD = "gnu++14";
				CLANG_CXX_LIBRARY = "libc++";
				CLANG_ENABLE_MODULES = YES;
				CLANG_ENABLE_OBJC_ARC = YES;
				CLANG_ENABLE_OBJC_WEAK = YES;
				CLANG_WARN_BLOCK_CAPTURE_AUTORELEASING = YES;
				CLANG_WARN_BOOL_CONVERSION = YES;
				CLANG_WARN_COMMA = YES;
				CLANG_WARN_CONSTANT_CONVERSION = YES;
				CLANG_WARN_DEPRECATED_OBJC_IMPLEMENTATIONS = YES;
				CLANG_WARN_DIRECT_OBJC_ISA_USAGE = YES_ERROR;
				CLANG_WARN_DOCUMENTATION_COMMENTS = YES;
				CLANG_WARN_EMPTY_BODY = YES;
				CLANG_WARN_ENUM_CONVERSION = YES;
				CLANG_WARN_INFINITE_RECURSION = YES;
				CLANG_WARN_INT_CONVERSION = YES;
				CLANG_WARN_NON_LITERAL_NULL_CONVERSION = YES;
				CLANG_WARN_OBJC_IMPLICIT_RETAIN_SELF = YES;
				CLANG_WARN_OBJC_LITERAL_CONVERSION = YES;
				CLANG_WARN_OBJC_ROOT_CLASS = YES_ERROR;
				CLANG_WARN_RANGE_LOOP_ANALYSIS = YES;
				CLANG_WARN_STRICT_PROTOTYPES = YES;
				CLANG_WARN_SUSPICIOUS_MOVE = YES;
				CLANG_WARN_UNGUARDED_AVAILABILITY = YES_AGGRESSIVE;
				CLANG_WARN_UNREACHABLE_CODE = YES;
				CLANG_WARN__DUPLICATE_METHOD_MATCH = YES;
				COPY_PHASE_STRIP = NO;
				DEBUG_INFORMATION_FORMAT = dwarf;
				ENABLE_STRICT_OBJC_MSGSEND = YES;
				ENABLE_TESTABILITY = YES;
				GCC_C_LANGUAGE_STANDARD = gnu11;
				GCC_DYNAMIC_NO_PIC = NO;
				GCC_NO_COMMON_BLOCKS = YES;
				GCC_OPTIMIZATION_LEVEL = 0;
				GCC_PREPROCESSOR_DEFINITIONS = (
					"DEBUG=1",
					"$(inherited)",
				);
				GCC_WARN_64_TO_32_BIT_CONVERSION = YES;
				GCC_WARN_ABOUT_RETURN_TYPE = YES_ERROR;
				GCC_WARN_UNDECLARED_SELECTOR = YES;
				GCC_WARN_UNINITIALIZED_AUTOS = YES_AGGRESSIVE;
				GCC_WARN_UNUSED_FUNCTION = YES;
				GCC_WARN_UNUSED_VARIABLE = YES;
				IPHONEOS_DEPLOYMENT_TARGET = 13.7;
				MTL_ENABLE_DEBUG_INFO = INCLUDE_SOURCE;
				MTL_FAST_MATH = YES;
				ONLY_ACTIVE_ARCH = YES;
				SDKROOT = iphoneos;
				SWIFT_ACTIVE_COMPILATION_CONDITIONS = DEBUG;
				SWIFT_OPTIMIZATION_LEVEL = "-Onone";
			};
			name = Debug;
		};
		04F79168252713EA00829DF5 /* Release */ = {
			isa = XCBuildConfiguration;
			buildSettings = {
				ALWAYS_SEARCH_USER_PATHS = NO;
				CLANG_ANALYZER_NONNULL = YES;
				CLANG_ANALYZER_NUMBER_OBJECT_CONVERSION = YES_AGGRESSIVE;
				CLANG_CXX_LANGUAGE_STANDARD = "gnu++14";
				CLANG_CXX_LIBRARY = "libc++";
				CLANG_ENABLE_MODULES = YES;
				CLANG_ENABLE_OBJC_ARC = YES;
				CLANG_ENABLE_OBJC_WEAK = YES;
				CLANG_WARN_BLOCK_CAPTURE_AUTORELEASING = YES;
				CLANG_WARN_BOOL_CONVERSION = YES;
				CLANG_WARN_COMMA = YES;
				CLANG_WARN_CONSTANT_CONVERSION = YES;
				CLANG_WARN_DEPRECATED_OBJC_IMPLEMENTATIONS = YES;
				CLANG_WARN_DIRECT_OBJC_ISA_USAGE = YES_ERROR;
				CLANG_WARN_DOCUMENTATION_COMMENTS = YES;
				CLANG_WARN_EMPTY_BODY = YES;
				CLANG_WARN_ENUM_CONVERSION = YES;
				CLANG_WARN_INFINITE_RECURSION = YES;
				CLANG_WARN_INT_CONVERSION = YES;
				CLANG_WARN_NON_LITERAL_NULL_CONVERSION = YES;
				CLANG_WARN_OBJC_IMPLICIT_RETAIN_SELF = YES;
				CLANG_WARN_OBJC_LITERAL_CONVERSION = YES;
				CLANG_WARN_OBJC_ROOT_CLASS = YES_ERROR;
				CLANG_WARN_RANGE_LOOP_ANALYSIS = YES;
				CLANG_WARN_STRICT_PROTOTYPES = YES;
				CLANG_WARN_SUSPICIOUS_MOVE = YES;
				CLANG_WARN_UNGUARDED_AVAILABILITY = YES_AGGRESSIVE;
				CLANG_WARN_UNREACHABLE_CODE = YES;
				CLANG_WARN__DUPLICATE_METHOD_MATCH = YES;
				COPY_PHASE_STRIP = NO;
				DEBUG_INFORMATION_FORMAT = "dwarf-with-dsym";
				ENABLE_NS_ASSERTIONS = NO;
				ENABLE_STRICT_OBJC_MSGSEND = YES;
				GCC_C_LANGUAGE_STANDARD = gnu11;
				GCC_NO_COMMON_BLOCKS = YES;
				GCC_WARN_64_TO_32_BIT_CONVERSION = YES;
				GCC_WARN_ABOUT_RETURN_TYPE = YES_ERROR;
				GCC_WARN_UNDECLARED_SELECTOR = YES;
				GCC_WARN_UNINITIALIZED_AUTOS = YES_AGGRESSIVE;
				GCC_WARN_UNUSED_FUNCTION = YES;
				GCC_WARN_UNUSED_VARIABLE = YES;
				IPHONEOS_DEPLOYMENT_TARGET = 13.7;
				MTL_ENABLE_DEBUG_INFO = NO;
				MTL_FAST_MATH = YES;
				SDKROOT = iphoneos;
				SWIFT_COMPILATION_MODE = wholemodule;
				SWIFT_OPTIMIZATION_LEVEL = "-O";
				VALIDATE_PRODUCT = YES;
			};
			name = Release;
		};
		04F7916A252713EA00829DF5 /* Debug */ = {
			isa = XCBuildConfiguration;
			buildSettings = {
				ASSETCATALOG_COMPILER_APPICON_NAME = AppIcon;
				CODE_SIGN_ENTITLEMENTS = "Financial calculator/Financial calculator.entitlements";
				CODE_SIGN_STYLE = Automatic;
				DEVELOPMENT_TEAM = TKCHBW3N32;
				INFOPLIST_FILE = "Financial calculator/Info.plist";
				LD_RUNPATH_SEARCH_PATHS = (
					"$(inherited)",
					"@executable_path/Frameworks",
				);
				PRODUCT_BUNDLE_IDENTIFIER = "tymoshch.Financial-calculator";
				PRODUCT_NAME = "$(TARGET_NAME)";
				SUPPORTS_MACCATALYST = YES;
				SWIFT_VERSION = 5.0;
				TARGETED_DEVICE_FAMILY = "1,2";
			};
			name = Debug;
		};
		04F7916B252713EA00829DF5 /* Release */ = {
			isa = XCBuildConfiguration;
			buildSettings = {
				ASSETCATALOG_COMPILER_APPICON_NAME = AppIcon;
				CODE_SIGN_ENTITLEMENTS = "Financial calculator/Financial calculator.entitlements";
				CODE_SIGN_STYLE = Automatic;
				DEVELOPMENT_TEAM = TKCHBW3N32;
				INFOPLIST_FILE = "Financial calculator/Info.plist";
				LD_RUNPATH_SEARCH_PATHS = (
					"$(inherited)",
					"@executable_path/Frameworks",
				);
				PRODUCT_BUNDLE_IDENTIFIER = "tymoshch.Financial-calculator";
				PRODUCT_NAME = "$(TARGET_NAME)";
				SUPPORTS_MACCATALYST = YES;
				SWIFT_VERSION = 5.0;
				TARGETED_DEVICE_FAMILY = "1,2";
			};
			name = Release;
		};
/* End XCBuildConfiguration section */

/* Begin XCConfigurationList section */
		04F7914D252713E900829DF5 /* Build configuration list for PBXProject "Financial calculator" */ = {
			isa = XCConfigurationList;
			buildConfigurations = (
				04F79167252713EA00829DF5 /* Debug */,
				04F79168252713EA00829DF5 /* Release */,
			);
			defaultConfigurationIsVisible = 0;
			defaultConfigurationName = Release;
		};
		04F79169252713EA00829DF5 /* Build configuration list for PBXNativeTarget "Financial calculator" */ = {
			isa = XCConfigurationList;
			buildConfigurations = (
				04F7916A252713EA00829DF5 /* Debug */,
				04F7916B252713EA00829DF5 /* Release */,
			);
			defaultConfigurationIsVisible = 0;
			defaultConfigurationName = Release;
		};
/* End XCConfigurationList section */

/* Begin XCVersionGroup section */
		04F7915E252713E900829DF5 /* Financial_calculator.xcdatamodeld */ = {
			isa = XCVersionGroup;
			children = (
				04F7915F252713E900829DF5 /* Financial_calculator.xcdatamodel */,
			);
			currentVersion = 04F7915F252713E900829DF5 /* Financial_calculator.xcdatamodel */;
			path = Financial_calculator.xcdatamodeld;
			sourceTree = "<group>";
			versionGroupType = wrapper.xcdatamodel;
		};
/* End XCVersionGroup section */
	};
	rootObject = 04F7914A252713E900829DF5 /* Project object */;
}
